{
    "_readme": [
        "This file locks the dependencies of your project to a known state",
        "Read more about it at https://getcomposer.org/doc/01-basic-usage.md#installing-dependencies",
        "This file is @generated automatically"
    ],
    "content-hash": "4288364ea2f97227e138585a40761c92",
    "packages": [
        {
            "name": "components/jquery",
            "version": "3.4.1",
            "source": {
                "type": "git",
                "url": "https://github.com/components/jquery.git",
                "reference": "901828b7968b18319e377dc23d466f28426ee083"
            },
            "dist": {
                "type": "zip",
                "url": "https://api.github.com/repos/components/jquery/zipball/901828b7968b18319e377dc23d466f28426ee083",
                "reference": "901828b7968b18319e377dc23d466f28426ee083",
                "shasum": ""
            },
            "type": "component",
            "extra": {
                "component": {
                    "scripts": [
                        "jquery.js"
                    ],
                    "files": [
                        "jquery.min.js",
                        "jquery.min.map",
                        "jquery.slim.js",
                        "jquery.slim.min.js",
                        "jquery.slim.min.map"
                    ]
                }
            },
            "notification-url": "https://packagist.org/downloads/",
            "license": [
                "MIT"
            ],
            "authors": [
                {
                    "name": "JS Foundation and other contributors"
                }
            ],
            "description": "jQuery JavaScript Library",
            "homepage": "http://jquery.com",
            "time": "2019-10-23T05:15:13+00:00"
        },
        {
            "name": "fortawesome/font-awesome",
            "version": "v4.7.0",
            "source": {
                "type": "git",
                "url": "https://github.com/FortAwesome/Font-Awesome.git",
                "reference": "a8386aae19e200ddb0f6845b5feeee5eb7013687"
            },
            "dist": {
                "type": "zip",
                "url": "https://api.github.com/repos/FortAwesome/Font-Awesome/zipball/a8386aae19e200ddb0f6845b5feeee5eb7013687",
                "reference": "a8386aae19e200ddb0f6845b5feeee5eb7013687",
                "shasum": ""
            },
            "require-dev": {
                "jekyll": "1.0.2",
                "lessc": "1.4.2"
            },
            "type": "library",
            "extra": {
                "branch-alias": {
                    "dev-master": "4.6.x-dev"
                }
            },
            "notification-url": "https://packagist.org/downloads/",
            "license": [
                "OFL-1.1",
                "MIT"
            ],
            "authors": [
                {
                    "name": "Dave Gandy",
                    "email": "dave@fontawesome.io",
                    "homepage": "http://twitter.com/davegandy",
                    "role": "Developer"
                }
            ],
            "description": "The iconic font and CSS framework",
            "homepage": "http://fontawesome.io/",
            "keywords": [
                "FontAwesome",
                "awesome",
                "bootstrap",
                "font",
                "icon"
            ],
            "time": "2016-10-24T15:52:54+00:00"
        },
        {
            "name": "nicolafranchini/venobox",
            "version": "1.8.6",
            "source": {
                "type": "git",
                "url": "https://github.com/nicolafranchini/VenoBox.git",
                "reference": "182aab08d7842593c79ab34a550252ba1de98841"
            },
            "dist": {
                "type": "zip",
                "url": "https://api.github.com/repos/nicolafranchini/VenoBox/zipball/182aab08d7842593c79ab34a550252ba1de98841",
                "reference": "182aab08d7842593c79ab34a550252ba1de98841",
                "shasum": ""
            },
            "require": {
                "components/jquery": ">=1.7.0"
            },
            "type": "library",
            "extra": {
                "component": {
                    "scripts": [
                        "venobox/venobox.min.js"
                    ],
                    "styles": [
                        "venobox/venobox.css"
                    ],
                    "files": [
                        "venobox/venobox.min.js",
                        "venobox/venobox.css"
                    ]
                }
            },
            "notification-url": "https://packagist.org/downloads/",
            "license": [
                "MIT"
            ],
            "authors": [
                {
                    "name": "Nicola Franchini",
                    "role": "Developer"
                }
            ],
            "description": "Responsive jQuery modal window plugin",
            "keywords": [
                "jquery",
                "jquery-plugin",
                "lightbox",
                "modal",
                "popup",
                "responsive"
            ],
            "time": "2019-06-27T12:08:42+00:00"
        },
        {
            "name": "nolimits4web/swiper",
            "version": "v4.5.3",
            "source": {
                "type": "git",
                "url": "https://github.com/nolimits4web/swiper.git",
                "reference": "2b05891cdc2aa427f5697fa747680d1280dc4379"
            },
            "dist": {
                "type": "zip",
                "url": "https://api.github.com/repos/nolimits4web/swiper/zipball/2b05891cdc2aa427f5697fa747680d1280dc4379",
                "reference": "2b05891cdc2aa427f5697fa747680d1280dc4379",
                "shasum": ""
            },
            "type": "library",
            "notification-url": "https://packagist.org/downloads/",
            "license": [
                "MIT"
            ],
            "authors": [
                {
                    "name": "Vladimir Kharalmpidi",
                    "email": "nolimits4web@gmail.com",
                    "homepage": "https://idangero.us",
                    "role": "Developer"
                }
            ],
            "description": "Most modern mobile touch slider and framework with hardware accelerated transitions",
            "homepage": "http://www.idangero.us/swiper/",
            "keywords": [
                "app",
                "carousel",
                "cordova",
                "framework",
                "framework7",
                "gallery",
                "ios",
                "mobile",
                "phonegap",
                "plugin",
                "slider",
                "swipe",
                "swiper",
                "touch"
            ],
            "time": "2019-10-16T11:51:47+00:00"
        },
        {
            "name": "phery/phery",
            "version": "3.0.0-alpha.5",
            "source": {
                "type": "git",
                "url": "https://github.com/pheryjs/phery.git",
                "reference": "b40902a91ae30fe62939c63e80ca83e4dd8e45fc"
            },
            "dist": {
                "type": "zip",
                "url": "https://api.github.com/repos/pheryjs/phery/zipball/b40902a91ae30fe62939c63e80ca83e4dd8e45fc",
                "reference": "b40902a91ae30fe62939c63e80ca83e4dd8e45fc",
                "shasum": ""
            },
            "require": {
                "php": ">=5.3.3"
            },
            "suggest": {
                "kohana-modules/phery": "Module with straightfoward, transparent and seamless integration with Kohana 3.x"
            },
            "type": "library",
            "autoload": {
                "psr-4": {
                    "Phery\\": "src/Phery/"
                }
            },
            "notification-url": "https://packagist.org/downloads/",
            "license": [
                "MIT"
            ],
            "authors": [
                {
                    "name": "Paulo Cesar",
                    "homepage": "http://phery-php-ajax.net",
                    "role": "Developer"
                }
            ],
            "description": "XAJAX alternative, phery.js is a library in PHP that maps to all jQuery functions, DOM manipulation, meta arguments and serialization, seamless ajax integration, RESTful emulation, form submission and partial rendering views, plus its PSR-0 compatible",
            "homepage": "http://phery-php-ajax.net",
            "keywords": [
                "HTML5",
                "ajax",
                "csrf",
                "delegation",
                "dom",
                "fileupload",
                "form",
                "javascript",
                "jquery",
                "json",
                "manipulation",
                "mapping",
                "php",
                "psr-0",
                "restful",
                "serialization",
                "unobtrusive",
                "upload"
            ],
            "time": "2016-07-24T10:31:01+00:00"
        },
        {
            "name": "smarty/smarty",
            "version": "dev-master",
            "source": {
                "type": "git",
                "url": "https://github.com/smarty-php/smarty.git",
                "reference": "0137c2e7e6aa7fe4ef33e16df5a75a9f3f63e302"
            },
            "dist": {
                "type": "zip",
                "url": "https://api.github.com/repos/smarty-php/smarty/zipball/0137c2e7e6aa7fe4ef33e16df5a75a9f3f63e302",
                "reference": "0137c2e7e6aa7fe4ef33e16df5a75a9f3f63e302",
                "shasum": ""
            },
            "require": {
                "php": ">=5.2"
            },
            "require-dev": {
                "phpunit/phpunit": "6.4.1"
            },
            "type": "library",
            "extra": {
                "branch-alias": {
                    "dev-master": "3.1.x-dev"
                }
            },
            "autoload": {
                "classmap": [
                    "libs/"
                ]
            },
            "notification-url": "https://packagist.org/downloads/",
            "license": [
                "LGPL-3.0"
            ],
            "authors": [
                {
                    "name": "Monte Ohrt",
                    "email": "monte@ohrt.com"
                },
                {
                    "name": "Uwe Tews",
                    "email": "uwe.tews@googlemail.com"
                },
                {
                    "name": "Rodney Rehm",
                    "email": "rodney.rehm@medialize.de"
                }
            ],
            "description": "Smarty - the compiling PHP template engine",
            "homepage": "http://www.smarty.net",
            "keywords": [
                "templating"
            ],
            "time": "2019-12-13T00:56:47+00:00"
        },
        {
            "name": "snapappointments/bootstrap-select",
            "version": "1.12.4",
            "source": {
                "type": "git",
                "url": "https://github.com/snapappointments/bootstrap-select.git",
                "reference": "e1a7743e82eb16bce825ec58a8c95b2aceae6942"
            },
            "dist": {
                "type": "zip",
                "url": "https://api.github.com/repos/snapappointments/bootstrap-select/zipball/e1a7743e82eb16bce825ec58a8c95b2aceae6942",
                "reference": "e1a7743e82eb16bce825ec58a8c95b2aceae6942",
                "shasum": ""
            },
            "suggest": {
                "components/jquery": ">=1.8",
                "twbs/bootstrap": "~3.0.0"
            },
            "type": "library",
            "notification-url": "https://packagist.org/downloads/",
            "license": [
                "MIT"
            ],
            "authors": [
                {
                    "name": "Silvio Moreto",
                    "homepage": "https://github.com/silviomoreto"
                }
            ],
            "description": "Bootstrap-select is a jQuery plugin that utilizes Bootstrap's dropdown.js to style and bring additional functionality to standard select elements.",
            "homepage": "http://silviomoreto.github.io/bootstrap-select",
            "keywords": [
                "bootstrap",
                "form",
                "replacement",
                "select"
            ],
            "time": "2017-07-19T18:56:43+00:00"
        },
        {
            "name": "tinymce/tinymce",
            "version": "5.1.6",
            "source": {
                "type": "git",
                "url": "https://github.com/tinymce/tinymce-dist.git",
                "reference": "1a55d7d048c62c64c3f43734dfaa4bc0d776a035"
            },
            "dist": {
                "type": "zip",
                "url": "https://api.github.com/repos/tinymce/tinymce-dist/zipball/1a55d7d048c62c64c3f43734dfaa4bc0d776a035",
                "reference": "1a55d7d048c62c64c3f43734dfaa4bc0d776a035",
                "shasum": ""
            },
            "type": "component",
            "extra": {
                "component": {
                    "scripts": [
                        "tinymce.js",
                        "plugins/*/plugin.js",
                        "themes/*/theme.js"
                    ],
                    "files": [
                        "tinymce.min.js",
                        "plugins/*/plugin.min.js",
                        "themes/*/theme.min.js",
                        "skins/**"
                    ]
                }
            },
            "notification-url": "https://packagist.org/downloads/",
            "license": [
                "LGPL-2.1-only"
            ],
            "description": "Web based JavaScript HTML WYSIWYG editor control.",
            "homepage": "http://www.tinymce.com",
            "keywords": [
                "editor",
                "html",
                "javascript",
                "richtext",
                "tinymce",
                "wysiwyg"
            ],
            "time": "2020-01-28T05:08:04+00:00"
        },
        {
            "name": "twbs/bootstrap",
            "version": "v4.4.1",
            "source": {
                "type": "git",
                "url": "https://github.com/twbs/bootstrap.git",
                "reference": "dca1ab7d877bc4b664b43604657a2b5fbe2b4ecb"
            },
            "dist": {
                "type": "zip",
                "url": "https://api.github.com/repos/twbs/bootstrap/zipball/dca1ab7d877bc4b664b43604657a2b5fbe2b4ecb",
                "reference": "dca1ab7d877bc4b664b43604657a2b5fbe2b4ecb",
                "shasum": ""
            },
            "replace": {
                "twitter/bootstrap": "self.version"
            },
            "type": "library",
            "extra": {
                "branch-alias": {
                    "dev-master": "3.3.x-dev"
                }
            },
            "notification-url": "https://packagist.org/downloads/",
            "license": [
                "MIT"
            ],
            "authors": [
                {
                    "name": "Mark Otto",
                    "email": "markdotto@gmail.com"
                },
                {
                    "name": "Jacob Thornton",
                    "email": "jacobthornton@gmail.com"
                }
            ],
            "description": "The most popular front-end framework for developing responsive, mobile first projects on the web.",
            "homepage": "https://getbootstrap.com/",
            "keywords": [
                "JS",
                "css",
                "framework",
                "front-end",
                "mobile-first",
                "responsive",
                "sass",
                "web"
            ],
            "time": "2019-11-28T12:59:49+00:00"
        }
    ],
    "packages-dev": [],
    "aliases": [],
    "minimum-stability": "stable",
    "stability-flags": {
        "smarty/smarty": 20,
        "phery/phery": 15
    },
    "prefer-stable": false,
    "prefer-lowest": false,
    "platform": {
        "ext-pdo": "*"
    },
    "platform-dev": []
}
